<?xml version="1.0" encoding="utf-8"?>
<Project ToolsVersion="4.0" xmlns="http://schemas.microsoft.com/developer/msbuild/2003">
  <ItemGroup>
    <Filter Include="Header Files">
      <UniqueIdentifier>{93995380-89BD-4b04-88EB-625FBE52EBFB}</UniqueIdentifier>
      <Extensions>h;hh;hpp;hxx;hm;inl;inc;ipp;xsd</Extensions>
    </Filter>
    <Filter Include="Source Files">
      <UniqueIdentifier>{4FC737F1-C7A5-4376-A066-2A32D752A2FF}</UniqueIdentifier>
      <Extensions>cpp;c;cc;cxx;def;odl;idl;hpj;bat;asm;asmx</Extensions>
    </Filter>
    <Filter Include="Resource Files">
      <UniqueIdentifier>{67DA6AB6-F800-4c08-8B7A-83BB121AAD01}</UniqueIdentifier>
      <Extensions>rc;ico;cur;bmp;dlg;rc2;rct;bin;rgs;gif;jpg;jpeg;jpe;resx;tiff;tif;png;wav;mfcribbon-ms</Extensions>
    </Filter>
  </ItemGroup>
  <ItemGroup>
    <ResourceCompile Include="src\app.rc">
      <Filter>Resource Files</Filter>
    </ResourceCompile>
  </ItemGroup>
  <ItemGroup>
    <ClInclude Include="src\Resource.h">
      <Filter>Header Files</Filter>
    </ClInclude>
    <ClInclude Include="src\pch.h">
      <Filter>Header Files</Filter>
    </ClInclude>
    <ClInclude Include="src\LoginPage.h">
      <Filter>Header Files</Filter>
    </ClInclude>
    <ClInclude Include="src\HomePage.h">
      <Filter>Header Files</Filter>
    </ClInclude>
    <ClInclude Include="src\list_of_member_page.h">
      <Filter>Header Files</Filter>
    </ClInclude>
    <ClInclude Include="src\list_of_books_page.h">
      <Filter>Header Files</Filter>
    </ClInclude>
    <ClInclude Include="src\borrow_history_page.h">
      <Filter>Header Files</Filter>
    </ClInclude>
    <ClInclude Include="src\profile_member.h">
      <Filter>Header Files</Filter>
    </ClInclude>
    <ClInclude Include="src\profile_book.h">
      <Filter>Header Files</Filter>
    </ClInclude>
    <ClInclude Include="src\profile_order.h">
      <Filter>Header Files</Filter>
    </ClInclude>
    <ClInclude Include="src\BorrowBook.h">
      <Filter>Header Files</Filter>
    </ClInclude>
    <ClInclude Include="src\ReturnBook.h">
      <Filter>Header Files</Filter>
    </ClInclude>
    <ClInclude Include="src\AddBook.h">
      <Filter>Header Files</Filter>
    </ClInclude>
    <ClInclude Include="src\RegisterMember.h">
      <Filter>Header Files</Filter>
    </ClInclude>
    <ClInclude Include="src\RegisterLibrarian.h">
      <Filter>Header Files</Filter>
    </ClInclude>
    <ClInclude Include="src\written_functions\filling_datagrid.h">
      <Filter>Header Files</Filter>
    </ClInclude>
    <ClInclude Include="src\written_functions\delete_profile_func.h">
      <Filter>Header Files</Filter>
    </ClInclude>
    <ClInclude Include="src\written_functions\update_profile_func.h">
      <Filter>Header Files</Filter>
    </ClInclude>
    <ClInclude Include="src\written_functions\Return_book_functions.h">
      <Filter>Header Files</Filter>
    </ClInclude>
    <ClInclude Include="src\written_functions\Borrow_book_functions.h">
      <Filter>Header Files</Filter>
    </ClInclude>
    <ClInclude Include="src\written_functions\AddBook_func.h">
      <Filter>Header Files</Filter>
    </ClInclude>
    <ClInclude Include="src\written_functions\RegisterMember_func.h">
      <Filter>Header Files</Filter>
    </ClInclude>
    <ClInclude Include="src\written_functions\RegisterLibrarian_func.h">
      <Filter>Header Files</Filter>
    </ClInclude>
    <ClInclude Include="src\written_functions\connection_sql_func.h">
      <Filter>Header Files</Filter>
    </ClInclude>
    <ClInclude Include="src\written_functions\fine_function.h">
      <Filter>Header Files</Filter>
    </ClInclude>
    <ClInclude Include="src\written_functions\login_to_librarian_db.h">
      <Filter>Header Files</Filter>
    </ClInclude>
  </ItemGroup>
  <ItemGroup>
    <ClCompile Include="src\Main.cpp">
      <Filter>Source Files</Filter>
    </ClCompile>
    <ClCompile Include="src\AssemblyInfo.cpp">
      <Filter>Source Files</Filter>
    </ClCompile>
    <ClCompile Include="src\pch.cpp">
      <Filter>Source Files</Filter>
    </ClCompile>
    <ClCompile Include="src\LoginPage.cpp">
      <Filter>Source Files</Filter>
    </ClCompile>
    <ClCompile Include="src\HomePage.cpp">
      <Filter>Source Files</Filter>
    </ClCompile>
    <ClCompile Include="src\list_of_member_page.cpp">
      <Filter>Source Files</Filter>
    </ClCompile>
    <ClCompile Include="src\list_of_books_page.cpp">
      <Filter>Source Files</Filter>
    </ClCompile>
    <ClCompile Include="src\borrow_history_page.cpp">
      <Filter>Source Files</Filter>
    </ClCompile>
    <ClCompile Include="src\profile_member.cpp">
      <Filter>Source Files</Filter>
    </ClCompile>
    <ClCompile Include="src\profile_book.cpp">
      <Filter>Source Files</Filter>
    </ClCompile>
    <ClCompile Include="src\profile_order.cpp">
      <Filter>Source Files</Filter>
    </ClCompile>
    <ClCompile Include="src\BorrowBook.cpp">
      <Filter>Source Files</Filter>
    </ClCompile>
    <ClCompile Include="src\ReturnBook.cpp">
      <Filter>Source Files</Filter>
    </ClCompile>
    <ClCompile Include="src\AddBook.cpp">
      <Filter>Source Files</Filter>
    </ClCompile>
    <ClCompile Include="src\RegisterMember.cpp">
      <Filter>Source Files</Filter>
    </ClCompile>
    <ClCompile Include="src\RegisterLibrarian.cpp">
      <Filter>Source Files</Filter>
    </ClCompile>
    <ClCompile Include="src\written_functions\filling_datagrid.cpp">
      <Filter>Source Files</Filter>
    </ClCompile>
    <ClCompile Include="src\written_functions\delete_profile_func.cpp">
      <Filter>Source Files</Filter>
    </ClCompile>
    <ClCompile Include="src\written_functions\update_profile_func.cpp">
      <Filter>Source Files</Filter>
    </ClCompile>
    <ClCompile Include="src\written_functions\Return_book_functions.cpp">
      <Filter>Source Files</Filter>
    </ClCompile>
    <ClCompile Include="src\written_functions\Borrow_book_functions.cpp">
      <Filter>Source Files</Filter>
    </ClCompile>
    <ClCompile Include="src\written_functions\AddBook_func.cpp">
      <Filter>Source Files</Filter>
    </ClCompile>
    <ClCompile Include="src\written_functions\RegisterMember_func.cpp">
      <Filter>Source Files</Filter>
    </ClCompile>
    <ClCompile Include="src\written_functions\RegisterLibrarian_func.cpp">
      <Filter>Source Files</Filter>
    </ClCompile>
    <ClCompile Include="src\written_functions\connection_sql_func.cpp">
      <Filter>Source Files</Filter>
    </ClCompile>
    <ClCompile Include="src\written_functions\fine_function.cpp">
      <Filter>Source Files</Filter>
    </ClCompile>
    <ClCompile Include="src\written_functions\login_to_librarian_db.cpp">
      <Filter>Source Files</Filter>
    </ClCompile>
  </ItemGroup>
  <ItemGroup>
    <Image Include="src\app.ico">
      <Filter>Resource Files</Filter>
    </Image>
  </ItemGroup>
  <ItemGroup>
    <None Include="app.config" />
    <None Include="packages.config" />
  </ItemGroup>
</Project>